<?xml version="1.0" encoding="utf-8"?>
<Project ToolsVersion="4.0" xmlns="http://schemas.microsoft.com/developer/msbuild/2003">
  <ItemGroup>
    <Filter Include="Archivos de origen">
      <UniqueIdentifier>{4FC737F1-C7A5-4376-A066-2A32D752A2FF}</UniqueIdentifier>
      <Extensions>cpp;c;cc;cxx;def;odl;idl;hpj;bat;asm;asmx</Extensions>
    </Filter>
    <Filter Include="Archivos de encabezado">
      <UniqueIdentifier>{93995380-89BD-4b04-88EB-625FBE52EBFB}</UniqueIdentifier>
      <Extensions>h;hh;hpp;hxx;hm;inl;inc;ipp;xsd</Extensions>
    </Filter>
    <Filter Include="Archivos de recursos">
      <UniqueIdentifier>{67DA6AB6-F800-4c08-8B7A-83BB121AAD01}</UniqueIdentifier>
      <Extensions>rc;ico;cur;bmp;dlg;rc2;rct;bin;rgs;gif;jpg;jpeg;jpe;resx;tiff;tif;png;wav;mfcribbon-ms</Extensions>
    </Filter>
    <Filter Include="Archivos de origen\Nodo">
      <UniqueIdentifier>{31b68d04-0f3e-4c2d-b4d9-7e5a488d4f10}</UniqueIdentifier>
    </Filter>
    <Filter Include="Archivos de origen\Estructuras">
      <UniqueIdentifier>{a430514a-40b0-4e9c-bfb7-c4ba481e4791}</UniqueIdentifier>
    </Filter>
    <Filter Include="Archivos de origen\Menu">
      <UniqueIdentifier>{f5180b4f-01f7-45ce-8df6-87b7cd7aadc3}</UniqueIdentifier>
    </Filter>
  </ItemGroup>
  <ItemGroup>
    <ClInclude Include="pch.h">
      <Filter>Archivos de encabezado</Filter>
    </ClInclude>
    <ClInclude Include="Menu.h">
      <Filter>Archivos de encabezado</Filter>
    </ClInclude>
    <ClInclude Include="Nodo.h">
      <Filter>Archivos de encabezado</Filter>
    </ClInclude>
  </ItemGroup>
  <ItemGroup>
    <ClCompile Include="pch.cpp">
      <Filter>Archivos de origen</Filter>
    </ClCompile>
    <ClCompile Include="PracticaEstructuras.cpp">
      <Filter>Archivos de origen</Filter>
    </ClCompile>
    <ClCompile Include="Menu.cpp">
      <Filter>Archivos de origen\Menu</Filter>
    </ClCompile>
    <ClCompile Include="Pila1.cpp">
      <Filter>Archivos de origen\Estructuras</Filter>
    </ClCompile>
    <ClCompile Include="Nodos.cpp">
      <Filter>Archivos de origen\Nodo</Filter>
    </ClCompile>
    <ClCompile Include="ColaCarreta.cpp">
      <Filter>Archivos de origen\Estructuras</Filter>
    </ClCompile>
    <ClCompile Include="NodoColaCarreta.cpp">
      <Filter>Archivos de origen\Nodo</Filter>
    </ClCompile>
    <ClCompile Include="NodoCajas.cpp">
      <Filter>Archivos de origen\Nodo</Filter>
    </ClCompile>
    <ClCompile Include="ListaDobleCajas.cpp">
      <Filter>Archivos de origen\Estructuras</Filter>
    </ClCompile>
    <ClCompile Include="Pila2.cpp">
      <Filter>Archivos de origen\Estructuras</Filter>
    </ClCompile>
    <ClCompile Include="NodoPila2.cpp">
      <Filter>Archivos de origen\Nodo</Filter>
    </ClCompile>
    <ClCompile Include="NodoColaPagar.cpp">
      <Filter>Archivos de origen\Nodo</Filter>
    </ClCompile>
    <ClCompile Include="ColaPagar.cpp">
      <Filter>Archivos de origen\Estructuras</Filter>
    </ClCompile>
    <ClCompile Include="ListaDobleCicularCompras.cpp">
      <Filter>Archivos de origen\Estructuras</Filter>
    </ClCompile>
    <ClCompile Include="NodoCirular.cpp">
      <Filter>Archivos de origen\Nodo</Filter>
    </ClCompile>
    <ClCompile Include="NodoCompra.cpp">
      <Filter>Archivos de origen\Nodo</Filter>
    </ClCompile>
    <ClCompile Include="Prueba.cpp">
      <Filter>Archivos de origen\Estructuras</Filter>
    </ClCompile>
  </ItemGroup>
</Project>